
Microsoft Visual Studio Solution File, Format Version 12.00
# Visual Studio Version 17
VisualStudioVersion = 17.3.32901.215
MinimumVisualStudioVersion = 10.0.40219.1
Project("{FAE04EC0-301F-11D3-BF4B-00C04F79EFBC}") = "AdresBeheerProject.BL", "AdresBeheerProject.BL\AdresBeheerProject.BL.csproj", "{A8772930-3BC5-496C-84FF-2C29B793B5A4}"
EndProject
Project("{FAE04EC0-301F-11D3-BF4B-00C04F79EFBC}") = "AdresBeheerProject.DL", "AdresBeheerProject.DL\AdresBeheerProject.DL.csproj", "{74347DC6-BAF0-4AE7-9E77-BAF132EAC9A7}"
EndProject
Project("{FAE04EC0-301F-11D3-BF4B-00C04F79EFBC}") = "AdresBeheerProject.REST", "AdresBeheerProject.REST\AdresBeheerProject.REST.csproj", "{AEF2F8AD-3342-440D-8DDE-F37BBC22A87E}"
EndProject
Global
	GlobalSection(SolutionConfigurationPlatforms) = preSolution
		Debug|Any CPU = Debug|Any CPU
		Release|Any CPU = Release|Any CPU
	EndGlobalSection
	GlobalSection(ProjectConfigurationPlatforms) = postSolution
		{A8772930-3BC5-496C-84FF-2C29B793B5A4}.Debug|Any CPU.ActiveCfg = Debug|Any CPU
		{A8772930-3BC5-496C-84FF-2C29B793B5A4}.Debug|Any CPU.Build.0 = Debug|Any CPU
		{A8772930-3BC5-496C-84FF-2C29B793B5A4}.Release|Any CPU.ActiveCfg = Release|Any CPU
		{A8772930-3BC5-496C-84FF-2C29B793B5A4}.Release|Any CPU.Build.0 = Release|Any CPU
		{74347DC6-BAF0-4AE7-9E77-BAF132EAC9A7}.Debug|Any CPU.ActiveCfg = Debug|Any CPU
		{74347DC6-BAF0-4AE7-9E77-BAF132EAC9A7}.Debug|Any CPU.Build.0 = Debug|Any CPU
		{74347DC6-BAF0-4AE7-9E77-BAF132EAC9A7}.Release|Any CPU.ActiveCfg = Release|Any CPU
		{74347DC6-BAF0-4AE7-9E77-BAF132EAC9A7}.Release|Any CPU.Build.0 = Release|Any CPU
		{AEF2F8AD-3342-440D-8DDE-F37BBC22A87E}.Debug|Any CPU.ActiveCfg = Debug|Any CPU
		{AEF2F8AD-3342-440D-8DDE-F37BBC22A87E}.Debug|Any CPU.Build.0 = Debug|Any CPU
		{AEF2F8AD-3342-440D-8DDE-F37BBC22A87E}.Release|Any CPU.ActiveCfg = Release|Any CPU
		{AEF2F8AD-3342-440D-8DDE-F37BBC22A87E}.Release|Any CPU.Build.0 = Release|Any CPU
	EndGlobalSection
	GlobalSection(SolutionProperties) = preSolution
		HideSolutionNode = FALSE
	EndGlobalSection
	GlobalSection(ExtensibilityGlobals) = postSolution
		SolutionGuid = {2F33D76D-15CE-4BA1-BC21-7FF3A5E24114}
	EndGlobalSection
EndGlobal
