
Microsoft Visual Studio Solution File, Format Version 12.00
# Visual Studio Version 17
VisualStudioVersion = 17.3.32901.215
MinimumVisualStudioVersion = 10.0.40219.1
Project("{9A19103F-16F7-4668-BE54-9A1E7A4F7556}") = "VideoplayerProject.Domain", "Videoplayer.Domain\VideoplayerProject.Domain.csproj", "{AD09C5CA-D62E-4CCB-8BE6-350592E10FDE}"
EndProject
Project("{9A19103F-16F7-4668-BE54-9A1E7A4F7556}") = "VideoplayerProject.Datalayer", "VideoplayerProject.Datalayer\VideoplayerProject.Datalayer.csproj", "{66B7805F-1F30-4F25-8D38-1B078039AD46}"
EndProject
Project("{9A19103F-16F7-4668-BE54-9A1E7A4F7556}") = "VideoplayerProject.API", "VideoplayerProject.API\VideoplayerProject.API.csproj", "{502D87F5-F2D4-4E05-B53D-D2A330483724}"
EndProject
Project("{9A19103F-16F7-4668-BE54-9A1E7A4F7556}") = "VideoplayerProject.Tests", "..\..\..\ReceptApp\Videoplayer.Domain\VideoplayerProject.Tests\VideoplayerProject.Tests.csproj", "{178390C2-D9F0-445E-9948-A3F1FF14C5E9}"
EndProject
Project("{FAE04EC0-301F-11D3-BF4B-00C04F79EFBC}") = "Test2", "Test2\Test2.csproj", "{C3488976-E0C7-4395-820F-1928BE73F2BC}"
EndProject
Project("{FAE04EC0-301F-11D3-BF4B-00C04F79EFBC}") = "Testt", "Testt\Testt.csproj", "{FA32CB1C-9C78-41DD-A9AB-1DDBA72C1AE4}"
	ProjectSection(ProjectDependencies) = postProject
		{502D87F5-F2D4-4E05-B53D-D2A330483724} = {502D87F5-F2D4-4E05-B53D-D2A330483724}
		{66B7805F-1F30-4F25-8D38-1B078039AD46} = {66B7805F-1F30-4F25-8D38-1B078039AD46}
		{AD09C5CA-D62E-4CCB-8BE6-350592E10FDE} = {AD09C5CA-D62E-4CCB-8BE6-350592E10FDE}
	EndProjectSection
EndProject
Global
	GlobalSection(SolutionConfigurationPlatforms) = preSolution
		Debug|Any CPU = Debug|Any CPU
		Release|Any CPU = Release|Any CPU
	EndGlobalSection
	GlobalSection(ProjectConfigurationPlatforms) = postSolution
		{AD09C5CA-D62E-4CCB-8BE6-350592E10FDE}.Debug|Any CPU.ActiveCfg = Debug|Any CPU
		{AD09C5CA-D62E-4CCB-8BE6-350592E10FDE}.Debug|Any CPU.Build.0 = Debug|Any CPU
		{AD09C5CA-D62E-4CCB-8BE6-350592E10FDE}.Release|Any CPU.ActiveCfg = Release|Any CPU
		{AD09C5CA-D62E-4CCB-8BE6-350592E10FDE}.Release|Any CPU.Build.0 = Release|Any CPU
		{66B7805F-1F30-4F25-8D38-1B078039AD46}.Debug|Any CPU.ActiveCfg = Debug|Any CPU
		{66B7805F-1F30-4F25-8D38-1B078039AD46}.Debug|Any CPU.Build.0 = Debug|Any CPU
		{66B7805F-1F30-4F25-8D38-1B078039AD46}.Release|Any CPU.ActiveCfg = Release|Any CPU
		{66B7805F-1F30-4F25-8D38-1B078039AD46}.Release|Any CPU.Build.0 = Release|Any CPU
		{502D87F5-F2D4-4E05-B53D-D2A330483724}.Debug|Any CPU.ActiveCfg = Debug|Any CPU
		{502D87F5-F2D4-4E05-B53D-D2A330483724}.Debug|Any CPU.Build.0 = Debug|Any CPU
		{502D87F5-F2D4-4E05-B53D-D2A330483724}.Release|Any CPU.ActiveCfg = Release|Any CPU
		{502D87F5-F2D4-4E05-B53D-D2A330483724}.Release|Any CPU.Build.0 = Release|Any CPU
		{0745FBFB-C6F1-46F0-97D5-C80EB0B3EFA4}.Debug|Any CPU.ActiveCfg = Debug|Any CPU
		{0745FBFB-C6F1-46F0-97D5-C80EB0B3EFA4}.Debug|Any CPU.Build.0 = Debug|Any CPU
		{0745FBFB-C6F1-46F0-97D5-C80EB0B3EFA4}.Release|Any CPU.ActiveCfg = Release|Any CPU
		{0745FBFB-C6F1-46F0-97D5-C80EB0B3EFA4}.Release|Any CPU.Build.0 = Release|Any CPU
		{FA32CB1C-9C78-41DD-A9AB-1DDBA72C1AE4}.Debug|Any CPU.ActiveCfg = Debug|Any CPU
		{FA32CB1C-9C78-41DD-A9AB-1DDBA72C1AE4}.Debug|Any CPU.Build.0 = Debug|Any CPU
		{FA32CB1C-9C78-41DD-A9AB-1DDBA72C1AE4}.Release|Any CPU.ActiveCfg = Release|Any CPU
		{FA32CB1C-9C78-41DD-A9AB-1DDBA72C1AE4}.Release|Any CPU.Build.0 = Release|Any CPU
	EndGlobalSection
	GlobalSection(SolutionProperties) = preSolution
		HideSolutionNode = FALSE
	EndGlobalSection
	GlobalSection(ExtensibilityGlobals) = postSolution
		SolutionGuid = {EEC81B85-CCDF-4E6B-A259-72C0CC6C302A}
	EndGlobalSection
EndGlobal
